// !$*UTF8*$!
{
	archiveVersion = 1;
	classes = {
	};
	objectVersion = 77;
	objects = {

/* Begin PBXBuildFile section */
		D7142BDD2E12FCD500F831F1 /* GoogleService-Info.plist in Resources */ = {isa = PBXBuildFile; fileRef = D7142BDC2E12FCD500F831F1 /* GoogleService-Info.plist */; };
		D7142BE02E12FD4B00F831F1 /* FirebaseAnalytics in Frameworks */ = {isa = PBXBuildFile; productRef = D7142BDF2E12FD4B00F831F1 /* FirebaseAnalytics */; };
		D7142BE22E12FD4B00F831F1 /* FirebaseAuth in Frameworks */ = {isa = PBXBuildFile; productRef = D7142BE12E12FD4B00F831F1 /* FirebaseAuth */; };
		D7142BE42E12FD4B00F831F1 /* FirebaseFirestore in Frameworks */ = {isa = PBXBuildFile; productRef = D7142BE32E12FD4B00F831F1 /* FirebaseFirestore */; };
		D7142BE82E12FF1100F831F1 /* .gitignore in Resources */ = {isa = PBXBuildFile; fileRef = D7142BE72E12FF0800F831F1 /* .gitignore */; };
/* End PBXBuildFile section */

/* Begin PBXContainerItemProxy section */
		D7142BC02E12FB9000F831F1 /* PBXContainerItemProxy */ = {
			isa = PBXContainerItemProxy;
			containerPortal = D7142BAA2E12FB8E00F831F1 /* Project object */;
			proxyType = 1;
			remoteGlobalIDString = D7142BB12E12FB8E00F831F1;
			remoteInfo = PreschoolApp;
		};
		D7142BCA2E12FB9000F831F1 /* PBXContainerItemProxy */ = {
			isa = PBXContainerItemProxy;
			containerPortal = D7142BAA2E12FB8E00F831F1 /* Project object */;
			proxyType = 1;
			remoteGlobalIDString = D7142BB12E12FB8E00F831F1;
			remoteInfo = PreschoolApp;
		};
/* End PBXContainerItemProxy section */

/* Begin PBXFileReference section */
		D7142BB22E12FB8E00F831F1 /* PreschoolApp.app */ = {isa = PBXFileReference; explicitFileType = wrapper.application; includeInIndex = 0; path = PreschoolApp.app; sourceTree = BUILT_PRODUCTS_DIR; };
		D7142BBF2E12FB9000F831F1 /* PreschoolAppTests.xctest */ = {isa = PBXFileReference; explicitFileType = wrapper.cfbundle; includeInIndex = 0; path = PreschoolAppTests.xctest; sourceTree = BUILT_PRODUCTS_DIR; };
		D7142BC92E12FB9000F831F1 /* PreschoolAppUITests.xctest */ = {isa = PBXFileReference; explicitFileType = wrapper.cfbundle; includeInIndex = 0; path = PreschoolAppUITests.xctest; sourceTree = BUILT_PRODUCTS_DIR; };
		D7142BDC2E12FCD500F831F1 /* GoogleService-Info.plist */ = {isa = PBXFileReference; lastKnownFileType = text.plist.xml; path = "GoogleService-Info.plist"; sourceTree = "<group>"; };
		D7142BE72E12FF0800F831F1 /* .gitignore */ = {isa = PBXFileReference; lastKnownFileType = text; path = .gitignore; sourceTree = "<group>"; };
/* End PBXFileReference section */

/* Begin PBXFileSystemSynchronizedRootGroup section */
		D7142BB42E12FB8E00F831F1 /* PreschoolApp */ = {
			isa = PBXFileSystemSynchronizedRootGroup;
			path = PreschoolApp;
			sourceTree = "<group>";
		};
		D7142BC22E12FB9000F831F1 /* PreschoolAppTests */ = {
			isa = PBXFileSystemSynchronizedRootGroup;
			path = PreschoolAppTests;
			sourceTree = "<group>";
		};
		D7142BCC2E12FB9000F831F1 /* PreschoolAppUITests */ = {
			isa = PBXFileSystemSynchronizedRootGroup;
			path = PreschoolAppUITests;
			sourceTree = "<group>";
		};
/* End PBXFileSystemSynchronizedRootGroup section */

/* Begin PBXFrameworksBuildPhase section */
		D7142BAF2E12FB8E00F831F1 /* Frameworks */ = {
			isa = PBXFrameworksBuildPhase;
			buildActionMask = 2147483647;
			files = (
				D7142BE02E12FD4B00F831F1 /* FirebaseAnalytics in Frameworks */,
				D7142BE22E12FD4B00F831F1 /* FirebaseAuth in Frameworks */,
				D7142BE42E12FD4B00F831F1 /* FirebaseFirestore in Frameworks */,
			);
			runOnlyForDeploymentPostprocessing = 0;
		};
		D7142BBC2E12FB9000F831F1 /* Frameworks */ = {
			isa = PBXFrameworksBuildPhase;
			buildActionMask = 2147483647;
			files = (
			);
			runOnlyForDeploymentPostprocessing = 0;
		};
		D7142BC62E12FB9000F831F1 /* Frameworks */ = {
			isa = PBXFrameworksBuildPhase;
			buildActionMask = 2147483647;
			files = (
			);
			runOnlyForDeploymentPostprocessing = 0;
		};
/* End PBXFrameworksBuildPhase section */

/* Begin PBXGroup section */
		D7142BA92E12FB8E00F831F1 = {
			isa = PBXGroup;
			children = (
				D7142BE72E12FF0800F831F1 /* .gitignore */,
				D7142BDC2E12FCD500F831F1 /* GoogleService-Info.plist */,
				D7142BB42E12FB8E00F831F1 /* PreschoolApp */,
				D7142BC22E12FB9000F831F1 /* PreschoolAppTests */,
				D7142BCC2E12FB9000F831F1 /* PreschoolAppUITests */,
				D7142BB32E12FB8E00F831F1 /* Products */,
			);
			sourceTree = "<group>";
		};
		D7142BB32E12FB8E00F831F1 /* Products */ = {
			isa = PBXGroup;
			children = (
				D7142BB22E12FB8E00F831F1 /* PreschoolApp.app */,
				D7142BBF2E12FB9000F831F1 /* PreschoolAppTests.xctest */,
				D7142BC92E12FB9000F831F1 /* PreschoolAppUITests.xctest */,
			);
			name = Products;
			sourceTree = "<group>";
		};
/* End PBXGroup section */

/* Begin PBXNativeTarget section */
		D7142BB12E12FB8E00F831F1 /* PreschoolApp */ = {
			isa = PBXNativeTarget;
			buildConfigurationList = D7142BD32E12FB9000F831F1 /* Build configuration list for PBXNativeTarget "PreschoolApp" */;
			buildPhases = (
				D7142BAE2E12FB8E00F831F1 /* Sources */,
				D7142BAF2E12FB8E00F831F1 /* Frameworks */,
				D7142BB02E12FB8E00F831F1 /* Resources */,
			);
			buildRules = (
			);
			dependencies = (
			);
			fileSystemSynchronizedGroups = (
				D7142BB42E12FB8E00F831F1 /* PreschoolApp */,
			);
			name = PreschoolApp;
			packageProductDependencies = (
				D7142BDF2E12FD4B00F831F1 /* FirebaseAnalytics */,
				D7142BE12E12FD4B00F831F1 /* FirebaseAuth */,
				D7142BE32E12FD4B00F831F1 /* FirebaseFirestore */,
			);
			productName = PreschoolApp;
			productReference = D7142BB22E12FB8E00F831F1 /* PreschoolApp.app */;
			productType = "com.apple.product-type.application";
		};
		D7142BBE2E12FB9000F831F1 /* PreschoolAppTests */ = {
			isa = PBXNativeTarget;
			buildConfigurationList = D7142BD62E12FB9000F831F1 /* Build configuration list for PBXNativeTarget "PreschoolAppTests" */;
			buildPhases = (
				D7142BBB2E12FB9000F831F1 /* Sources */,
				D7142BBC2E12FB9000F831F1 /* Frameworks */,
				D7142BBD2E12FB9000F831F1 /* Resources */,
			);
			buildRules = (
			);
			dependencies = (
				D7142BC12E12FB9000F831F1 /* PBXTargetDependency */,
			);
			fileSystemSynchronizedGroups = (
				D7142BC22E12FB9000F831F1 /* PreschoolAppTests */,
			);
			name = PreschoolAppTests;
			packageProductDependencies = (
			);
			productName = PreschoolAppTests;
			productReference = D7142BBF2E12FB9000F831F1 /* PreschoolAppTests.xctest */;
			productType = "com.apple.product-type.bundle.unit-test";
		};
		D7142BC82E12FB9000F831F1 /* PreschoolAppUITests */ = {
			isa = PBXNativeTarget;
			buildConfigurationList = D7142BD92E12FB9000F831F1 /* Build configuration list for PBXNativeTarget "PreschoolAppUITests" */;
			buildPhases = (
				D7142BC52E12FB9000F831F1 /* Sources */,
				D7142BC62E12FB9000F831F1 /* Frameworks */,
				D7142BC72E12FB9000F831F1 /* Resources */,
			);
			buildRules = (
			);
			dependencies = (
				D7142BCB2E12FB9000F831F1 /* PBXTargetDependency */,
			);
			fileSystemSynchronizedGroups = (
				D7142BCC2E12FB9000F831F1 /* PreschoolAppUITests */,
			);
			name = PreschoolAppUITests;
			packageProductDependencies = (
			);
			productName = PreschoolAppUITests;
			productReference = D7142BC92E12FB9000F831F1 /* PreschoolAppUITests.xctest */;
			productType = "com.apple.product-type.bundle.ui-testing";
		};
/* End PBXNativeTarget section */

/* Begin PBXProject section */
		D7142BAA2E12FB8E00F831F1 /* Project object */ = {
			isa = PBXProject;
			attributes = {
				BuildIndependentTargetsInParallel = 1;
				LastSwiftUpdateCheck = 1640;
				LastUpgradeCheck = 1640;
				TargetAttributes = {
					D7142BB12E12FB8E00F831F1 = {
						CreatedOnToolsVersion = 16.4;
					};
					D7142BBE2E12FB9000F831F1 = {
						CreatedOnToolsVersion = 16.4;
						TestTargetID = D7142BB12E12FB8E00F831F1;
					};
					D7142BC82E12FB9000F831F1 = {
						CreatedOnToolsVersion = 16.4;
						TestTargetID = D7142BB12E12FB8E00F831F1;
					};
				};
			};
			buildConfigurationList = D7142BAD2E12FB8E00F831F1 /* Build configuration list for PBXProject "PreschoolApp" */;
			developmentRegion = en;
			hasScannedForEncodings = 0;
			knownRegions = (
				en,
				Base,
			);
			mainGroup = D7142BA92E12FB8E00F831F1;
			minimizedProjectReferenceProxies = 1;
			packageReferences = (
				D7142BDE2E12FD4B00F831F1 /* XCRemoteSwiftPackageReference "firebase-ios-sdk" */,
			);
			preferredProjectObjectVersion = 77;
			productRefGroup = D7142BB32E12FB8E00F831F1 /* Products */;
			projectDirPath = "";
			projectRoot = "";
			targets = (
				D7142BB12E12FB8E00F831F1 /* PreschoolApp */,
				D7142BBE2E12FB9000F831F1 /* PreschoolAppTests */,
				D7142BC82E12FB9000F831F1 /* PreschoolAppUITests */,
			);
		};
/* End PBXProject section */

/* Begin PBXResourcesBuildPhase section */
		D7142BB02E12FB8E00F831F1 /* Resources */ = {
			isa = PBXResourcesBuildPhase;
			buildActionMask = 2147483647;
			files = (
				D7142BE82E12FF1100F831F1 /* .gitignore in Resources */,
				D7142BDD2E12FCD500F831F1 /* GoogleService-Info.plist in Resources */,
			);
			runOnlyForDeploymentPostprocessing = 0;
		};
		D7142BBD2E12FB9000F831F1 /* Resources */ = {
			isa = PBXResourcesBuildPhase;
			buildActionMask = 2147483647;
			files = (
			);
			runOnlyForDeploymentPostprocessing = 0;
		};
		D7142BC72E12FB9000F831F1 /* Resources */ = {
			isa = PBXResourcesBuildPhase;
			buildActionMask = 2147483647;
			files = (
			);
			runOnlyForDeploymentPostprocessing = 0;
		};
/* End PBXResourcesBuildPhase section */

/* Begin PBXSourcesBuildPhase section */
		D7142BAE2E12FB8E00F831F1 /* Sources */ = {
			isa = PBXSourcesBuildPhase;
			buildActionMask = 2147483647;
			files = (
			);
			runOnlyForDeploymentPostprocessing = 0;
		};
		D7142BBB2E12FB9000F831F1 /* Sources */ = {
			isa = PBXSourcesBuildPhase;
			buildActionMask = 2147483647;
			files = (
			);
			runOnlyForDeploymentPostprocessing = 0;
		};
		D7142BC52E12FB9000F831F1 /* Sources */ = {
			isa = PBXSourcesBuildPhase;
			buildActionMask = 2147483647;
			files = (
			);
			runOnlyForDeploymentPostprocessing = 0;
		};
/* End PBXSourcesBuildPhase section */

/* Begin PBXTargetDependency section */
		D7142BC12E12FB9000F831F1 /* PBXTargetDependency */ = {
			isa = PBXTargetDependency;
			target = D7142BB12E12FB8E00F831F1 /* PreschoolApp */;
			targetProxy = D7142BC02E12FB9000F831F1 /* PBXContainerItemProxy */;
		};
		D7142BCB2E12FB9000F831F1 /* PBXTargetDependency */ = {
			isa = PBXTargetDependency;
			target = D7142BB12E12FB8E00F831F1 /* PreschoolApp */;
			targetProxy = D7142BCA2E12FB9000F831F1 /* PBXContainerItemProxy */;
		};
/* End PBXTargetDependency section */

/* Begin XCBuildConfiguration section */
		D7142BD12E12FB9000F831F1 /* Debug */ = {
			isa = XCBuildConfiguration;
			buildSettings = {
				ALWAYS_SEARCH_USER_PATHS = NO;
				ASSETCATALOG_COMPILER_GENERATE_SWIFT_ASSET_SYMBOL_EXTENSIONS = YES;
				CLANG_ANALYZER_NONNULL = YES;
				CLANG_ANALYZER_NUMBER_OBJECT_CONVERSION = YES_AGGRESSIVE;
				CLANG_CXX_LANGUAGE_STANDARD = "gnu++20";
				CLANG_ENABLE_MODULES = YES;
				CLANG_ENABLE_OBJC_ARC = YES;
				CLANG_ENABLE_OBJC_WEAK = YES;
				CLANG_WARN_BLOCK_CAPTURE_AUTORELEASING = YES;
				CLANG_WARN_BOOL_CONVERSION = YES;
				CLANG_WARN_COMMA = YES;
				CLANG_WARN_CONSTANT_CONVERSION = YES;
				CLANG_WARN_DEPRECATED_OBJC_IMPLEMENTATIONS = YES;
				CLANG_WARN_DIRECT_OBJC_ISA_USAGE = YES_ERROR;
				CLANG_WARN_DOCUMENTATION_COMMENTS = YES;
				CLANG_WARN_EMPTY_BODY = YES;
				CLANG_WARN_ENUM_CONVERSION = YES;
				CLANG_WARN_INFINITE_RECURSION = YES;
				CLANG_WARN_INT_CONVERSION = YES;
				CLANG_WARN_NON_LITERAL_NULL_CONVERSION = YES;
				CLANG_WARN_OBJC_IMPLICIT_RETAIN_SELF = YES;
				CLANG_WARN_OBJC_LITERAL_CONVERSION = YES;
				CLANG_WARN_OBJC_ROOT_CLASS = YES_ERROR;
				CLANG_WARN_QUOTED_INCLUDE_IN_FRAMEWORK_HEADER = YES;
				CLANG_WARN_RANGE_LOOP_ANALYSIS = YES;
				CLANG_WARN_STRICT_PROTOTYPES = YES;
				CLANG_WARN_SUSPICIOUS_MOVE = YES;
				CLANG_WARN_UNGUARDED_AVAILABILITY = YES_AGGRESSIVE;
				CLANG_WARN_UNREACHABLE_CODE = YES;
				CLANG_WARN__DUPLICATE_METHOD_MATCH = YES;
				COPY_PHASE_STRIP = NO;
				DEBUG_INFORMATION_FORMAT = dwarf;
				DEVELOPMENT_TEAM = 2RL9WVH7KG;
				ENABLE_STRICT_OBJC_MSGSEND = YES;
				ENABLE_TESTABILITY = YES;
				ENABLE_USER_SCRIPT_SANDBOXING = YES;
				GCC_C_LANGUAGE_STANDARD = gnu17;
				GCC_DYNAMIC_NO_PIC = NO;
				GCC_NO_COMMON_BLOCKS = YES;
				GCC_OPTIMIZATION_LEVEL = 0;
				GCC_PREPROCESSOR_DEFINITIONS = (
					"DEBUG=1",
					"$(inherited)",
				);
				GCC_WARN_64_TO_32_BIT_CONVERSION = YES;
				GCC_WARN_ABOUT_RETURN_TYPE = YES_ERROR;
				GCC_WARN_UNDECLARED_SELECTOR = YES;
				GCC_WARN_UNINITIALIZED_AUTOS = YES_AGGRESSIVE;
				GCC_WARN_UNUSED_FUNCTION = YES;
				GCC_WARN_UNUSED_VARIABLE = YES;
				IPHONEOS_DEPLOYMENT_TARGET = 18.5;
				LOCALIZATION_PREFERS_STRING_CATALOGS = YES;
				MTL_ENABLE_DEBUG_INFO = INCLUDE_SOURCE;
				MTL_FAST_MATH = YES;
				ONLY_ACTIVE_ARCH = YES;
				SDKROOT = iphoneos;
				SWIFT_ACTIVE_COMPILATION_CONDITIONS = "DEBUG $(inherited)";
				SWIFT_OPTIMIZATION_LEVEL = "-Onone";
			};
			name = Debug;
		};
		D7142BD22E12FB9000F831F1 /* Release */ = {
			isa = XCBuildConfiguration;
			buildSettings = {
				ALWAYS_SEARCH_USER_PATHS = NO;
				ASSETCATALOG_COMPILER_GENERATE_SWIFT_ASSET_SYMBOL_EXTENSIONS = YES;
				CLANG_ANALYZER_NONNULL = YES;
				CLANG_ANALYZER_NUMBER_OBJECT_CONVERSION = YES_AGGRESSIVE;
				CLANG_CXX_LANGUAGE_STANDARD = "gnu++20";
				CLANG_ENABLE_MODULES = YES;
				CLANG_ENABLE_OBJC_ARC = YES;
				CLANG_ENABLE_OBJC_WEAK = YES;
				CLANG_WARN_BLOCK_CAPTURE_AUTORELEASING = YES;
				CLANG_WARN_BOOL_CONVERSION = YES;
				CLANG_WARN_COMMA = YES;
				CLANG_WARN_CONSTANT_CONVERSION = YES;
				CLANG_WARN_DEPRECATED_OBJC_IMPLEMENTATIONS = YES;
				CLANG_WARN_DIRECT_OBJC_ISA_USAGE = YES_ERROR;
				CLANG_WARN_DOCUMENTATION_COMMENTS = YES;
				CLANG_WARN_EMPTY_BODY = YES;
				CLANG_WARN_ENUM_CONVERSION = YES;
				CLANG_WARN_INFINITE_RECURSION = YES;
				CLANG_WARN_INT_CONVERSION = YES;
				CLANG_WARN_NON_LITERAL_NULL_CONVERSION = YES;
				CLANG_WARN_OBJC_IMPLICIT_RETAIN_SELF = YES;
				CLANG_WARN_OBJC_LITERAL_CONVERSION = YES;
				CLANG_WARN_OBJC_ROOT_CLASS = YES_ERROR;
				CLANG_WARN_QUOTED_INCLUDE_IN_FRAMEWORK_HEADER = YES;
				CLANG_WARN_RANGE_LOOP_ANALYSIS = YES;
				CLANG_WARN_STRICT_PROTOTYPES = YES;
				CLANG_WARN_SUSPICIOUS_MOVE = YES;
				CLANG_WARN_UNGUARDED_AVAILABILITY = YES_AGGRESSIVE;
				CLANG_WARN_UNREACHABLE_CODE = YES;
				CLANG_WARN__DUPLICATE_METHOD_MATCH = YES;
				COPY_PHASE_STRIP = NO;
				DEBUG_INFORMATION_FORMAT = "dwarf-with-dsym";
				DEVELOPMENT_TEAM = 2RL9WVH7KG;
				ENABLE_NS_ASSERTIONS = NO;
				ENABLE_STRICT_OBJC_MSGSEND = YES;
				ENABLE_USER_SCRIPT_SANDBOXING = YES;
				GCC_C_LANGUAGE_STANDARD = gnu17;
				GCC_NO_COMMON_BLOCKS = YES;
				GCC_WARN_64_TO_32_BIT_CONVERSION = YES;
				GCC_WARN_ABOUT_RETURN_TYPE = YES_ERROR;
				GCC_WARN_UNDECLARED_SELECTOR = YES;
				GCC_WARN_UNINITIALIZED_AUTOS = YES_AGGRESSIVE;
				GCC_WARN_UNUSED_FUNCTION = YES;
				GCC_WARN_UNUSED_VARIABLE = YES;
				IPHONEOS_DEPLOYMENT_TARGET = 18.5;
				LOCALIZATION_PREFERS_STRING_CATALOGS = YES;
				MTL_ENABLE_DEBUG_INFO = NO;
				MTL_FAST_MATH = YES;
				SDKROOT = iphoneos;
				SWIFT_COMPILATION_MODE = wholemodule;
				VALIDATE_PRODUCT = YES;
			};
			name = Release;
		};
		D7142BD42E12FB9000F831F1 /* Debug */ = {
			isa = XCBuildConfiguration;
			buildSettings = {
				ASSETCATALOG_COMPILER_APPICON_NAME = AppIcon;
				ASSETCATALOG_COMPILER_GLOBAL_ACCENT_COLOR_NAME = AccentColor;
				CODE_SIGN_STYLE = Automatic;
				CURRENT_PROJECT_VERSION = 1;
				DEVELOPMENT_TEAM = 2RL9WVH7KG;
				ENABLE_PREVIEWS = YES;
				GENERATE_INFOPLIST_FILE = YES;
				INFOPLIST_KEY_UIApplicationSceneManifest_Generation = YES;
				INFOPLIST_KEY_UIApplicationSupportsIndirectInputEvents = YES;
				INFOPLIST_KEY_UILaunchScreen_Generation = YES;
				INFOPLIST_KEY_UISupportedInterfaceOrientations_iPad = "UIInterfaceOrientationPortrait UIInterfaceOrientationPortraitUpsideDown UIInterfaceOrientationLandscapeLeft UIInterfaceOrientationLandscapeRight";
				INFOPLIST_KEY_UISupportedInterfaceOrientations_iPhone = "UIInterfaceOrientationPortrait UIInterfaceOrientationLandscapeLeft UIInterfaceOrientationLandscapeRight";
				LD_RUNPATH_SEARCH_PATHS = (
					"$(inherited)",
					"@executable_path/Frameworks",
				);
				MARKETING_VERSION = 1.0;
				PRODUCT_BUNDLE_IDENTIFIER = Robin.PreschoolApp;
				PRODUCT_NAME = "$(TARGET_NAME)";
				SWIFT_EMIT_LOC_STRINGS = YES;
				SWIFT_VERSION = 5.0;
				TARGETED_DEVICE_FAMILY = "1,2";
			};
			name = Debug;
		};
		D7142BD52E12FB9000F831F1 /* Release */ = {
			isa = XCBuildConfiguration;
			buildSettings = {
				ASSETCATALOG_COMPILER_APPICON_NAME = AppIcon;
				ASSETCATALOG_COMPILER_GLOBAL_ACCENT_COLOR_NAME = AccentColor;
				CODE_SIGN_STYLE = Automatic;
				CURRENT_PROJECT_VERSION = 1;
				DEVELOPMENT_TEAM = 2RL9WVH7KG;
				ENABLE_PREVIEWS = YES;
				GENERATE_INFOPLIST_FILE = YES;
				INFOPLIST_KEY_UIApplicationSceneManifest_Generation = YES;
				INFOPLIST_KEY_UIApplicationSupportsIndirectInputEvents = YES;
				INFOPLIST_KEY_UILaunchScreen_Generation = YES;
				INFOPLIST_KEY_UISupportedInterfaceOrientations_iPad = "UIInterfaceOrientationPortrait UIInterfaceOrientationPortraitUpsideDown UIInterfaceOrientationLandscapeLeft UIInterfaceOrientationLandscapeRight";
				INFOPLIST_KEY_UISupportedInterfaceOrientations_iPhone = "UIInterfaceOrientationPortrait UIInterfaceOrientationLandscapeLeft UIInterfaceOrientationLandscapeRight";
				LD_RUNPATH_SEARCH_PATHS = (
					"$(inherited)",
					"@executable_path/Frameworks",
				);
				MARKETING_VERSION = 1.0;
				PRODUCT_BUNDLE_IDENTIFIER = Robin.PreschoolApp;
				PRODUCT_NAME = "$(TARGET_NAME)";
				SWIFT_EMIT_LOC_STRINGS = YES;
				SWIFT_VERSION = 5.0;
				TARGETED_DEVICE_FAMILY = "1,2";
			};
			name = Release;
		};
		D7142BD72E12FB9000F831F1 /* Debug */ = {
			isa = XCBuildConfiguration;
			buildSettings = {
				BUNDLE_LOADER = "$(TEST_HOST)";
				CODE_SIGN_STYLE = Automatic;
				CURRENT_PROJECT_VERSION = 1;
				DEVELOPMENT_TEAM = 2RL9WVH7KG;
				GENERATE_INFOPLIST_FILE = YES;
				IPHONEOS_DEPLOYMENT_TARGET = 18.5;
				MARKETING_VERSION = 1.0;
				PRODUCT_BUNDLE_IDENTIFIER = Robin.PreschoolAppTests;
				PRODUCT_NAME = "$(TARGET_NAME)";
				SWIFT_EMIT_LOC_STRINGS = NO;
				SWIFT_VERSION = 5.0;
				TARGETED_DEVICE_FAMILY = "1,2";
				TEST_HOST = "$(BUILT_PRODUCTS_DIR)/PreschoolApp.app/$(BUNDLE_EXECUTABLE_FOLDER_PATH)/PreschoolApp";
			};
			name = Debug;
		};
		D7142BD82E12FB9000F831F1 /* Release */ = {
			isa = XCBuildConfiguration;
			buildSettings = {
				BUNDLE_LOADER = "$(TEST_HOST)";
				CODE_SIGN_STYLE = Automatic;
				CURRENT_PROJECT_VERSION = 1;
				DEVELOPMENT_TEAM = 2RL9WVH7KG;
				GENERATE_INFOPLIST_FILE = YES;
				IPHONEOS_DEPLOYMENT_TARGET = 18.5;
				MARKETING_VERSION = 1.0;
				PRODUCT_BUNDLE_IDENTIFIER = Robin.PreschoolAppTests;
				PRODUCT_NAME = "$(TARGET_NAME)";
				SWIFT_EMIT_LOC_STRINGS = NO;
				SWIFT_VERSION = 5.0;
				TARGETED_DEVICE_FAMILY = "1,2";
				TEST_HOST = "$(BUILT_PRODUCTS_DIR)/PreschoolApp.app/$(BUNDLE_EXECUTABLE_FOLDER_PATH)/PreschoolApp";
			};
			name = Release;
		};
		D7142BDA2E12FB9000F831F1 /* Debug */ = {
			isa = XCBuildConfiguration;
			buildSettings = {
				CODE_SIGN_STYLE = Automatic;
				CURRENT_PROJECT_VERSION = 1;
				DEVELOPMENT_TEAM = 2RL9WVH7KG;
				GENERATE_INFOPLIST_FILE = YES;
				MARKETING_VERSION = 1.0;
				PRODUCT_BUNDLE_IDENTIFIER = Robin.PreschoolAppUITests;
				PRODUCT_NAME = "$(TARGET_NAME)";
				SWIFT_EMIT_LOC_STRINGS = NO;
				SWIFT_VERSION = 5.0;
				TARGETED_DEVICE_FAMILY = "1,2";
				TEST_TARGET_NAME = PreschoolApp;
			};
			name = Debug;
		};
		D7142BDB2E12FB9000F831F1 /* Release */ = {
			isa = XCBuildConfiguration;
			buildSettings = {
				CODE_SIGN_STYLE = Automatic;
				CURRENT_PROJECT_VERSION = 1;
				DEVELOPMENT_TEAM = 2RL9WVH7KG;
				GENERATE_INFOPLIST_FILE = YES;
				MARKETING_VERSION = 1.0;
				PRODUCT_BUNDLE_IDENTIFIER = Robin.PreschoolAppUITests;
				PRODUCT_NAME = "$(TARGET_NAME)";
				SWIFT_EMIT_LOC_STRINGS = NO;
				SWIFT_VERSION = 5.0;
				TARGETED_DEVICE_FAMILY = "1,2";
				TEST_TARGET_NAME = PreschoolApp;
			};
			name = Release;
		};
/* End XCBuildConfiguration section */

/* Begin XCConfigurationList section */
		D7142BAD2E12FB8E00F831F1 /* Build configuration list for PBXProject "PreschoolApp" */ = {
			isa = XCConfigurationList;
			buildConfigurations = (
				D7142BD12E12FB9000F831F1 /* Debug */,
				D7142BD22E12FB9000F831F1 /* Release */,
			);
			defaultConfigurationIsVisible = 0;
			defaultConfigurationName = Release;
		};
		D7142BD32E12FB9000F831F1 /* Build configuration list for PBXNativeTarget "PreschoolApp" */ = {
			isa = XCConfigurationList;
			buildConfigurations = (
				D7142BD42E12FB9000F831F1 /* Debug */,
				D7142BD52E12FB9000F831F1 /* Release */,
			);
			defaultConfigurationIsVisible = 0;
			defaultConfigurationName = Release;
		};
		D7142BD62E12FB9000F831F1 /* Build configuration list for PBXNativeTarget "PreschoolAppTests" */ = {
			isa = XCConfigurationList;
			buildConfigurations = (
				D7142BD72E12FB9000F831F1 /* Debug */,
				D7142BD82E12FB9000F831F1 /* Release */,
			);
			defaultConfigurationIsVisible = 0;
			defaultConfigurationName = Release;
		};
		D7142BD92E12FB9000F831F1 /* Build configuration list for PBXNativeTarget "PreschoolAppUITests" */ = {
			isa = XCConfigurationList;
			buildConfigurations = (
				D7142BDA2E12FB9000F831F1 /* Debug */,
				D7142BDB2E12FB9000F831F1 /* Release */,
			);
			defaultConfigurationIsVisible = 0;
			defaultConfigurationName = Release;
		};
/* End XCConfigurationList section */

/* Begin XCRemoteSwiftPackageReference section */
		D7142BDE2E12FD4B00F831F1 /* XCRemoteSwiftPackageReference "firebase-ios-sdk" */ = {
			isa = XCRemoteSwiftPackageReference;
			repositoryURL = "https://github.com/firebase/firebase-ios-sdk";
			requirement = {
				kind = upToNextMajorVersion;
				minimumVersion = 11.15.0;
			};
		};
/* End XCRemoteSwiftPackageReference section */

/* Begin XCSwiftPackageProductDependency section */
		D7142BDF2E12FD4B00F831F1 /* FirebaseAnalytics */ = {
			isa = XCSwiftPackageProductDependency;
			package = D7142BDE2E12FD4B00F831F1 /* XCRemoteSwiftPackageReference "firebase-ios-sdk" */;
			productName = FirebaseAnalytics;
		};
		D7142BE12E12FD4B00F831F1 /* FirebaseAuth */ = {
			isa = XCSwiftPackageProductDependency;
			package = D7142BDE2E12FD4B00F831F1 /* XCRemoteSwiftPackageReference "firebase-ios-sdk" */;
			productName = FirebaseAuth;
		};
		D7142BE32E12FD4B00F831F1 /* FirebaseFirestore */ = {
			isa = XCSwiftPackageProductDependency;
			package = D7142BDE2E12FD4B00F831F1 /* XCRemoteSwiftPackageReference "firebase-ios-sdk" */;
			productName = FirebaseFirestore;
		};
/* End XCSwiftPackageProductDependency section */
	};
	rootObject = D7142BAA2E12FB8E00F831F1 /* Project object */;
}
